
Microsoft Visual Studio Solution File, Format Version 12.00
# Visual Studio Version 16
VisualStudioVersion = 16.0.31702.278
MinimumVisualStudioVersion = 10.0.40219.1
Project("{FAE04EC0-301F-11D3-BF4B-00C04F79EFBC}") = "HomeWorkClassPlayerXY", "HomeWorkClassPlayerXY.csproj", "{1941076D-E7E6-4A6D-825A-0688BCD5C8D2}"
EndProject
Global
	GlobalSection(SolutionConfigurationPlatforms) = preSolution
		Debug|Any CPU = Debug|Any CPU
		Release|Any CPU = Release|Any CPU
	EndGlobalSection
	GlobalSection(ProjectConfigurationPlatforms) = postSolution
		{1941076D-E7E6-4A6D-825A-0688BCD5C8D2}.Debug|Any CPU.ActiveCfg = Debug|Any CPU
		{1941076D-E7E6-4A6D-825A-0688BCD5C8D2}.Debug|Any CPU.Build.0 = Debug|Any CPU
		{1941076D-E7E6-4A6D-825A-0688BCD5C8D2}.Release|Any CPU.ActiveCfg = Release|Any CPU
		{1941076D-E7E6-4A6D-825A-0688BCD5C8D2}.Release|Any CPU.Build.0 = Release|Any CPU
	EndGlobalSection
	GlobalSection(SolutionProperties) = preSolution
		HideSolutionNode = FALSE
	EndGlobalSection
	GlobalSection(ExtensibilityGlobals) = postSolution
		SolutionGuid = {33E2C887-1E49-4919-960E-7363E8FD8974}
	EndGlobalSection
EndGlobal
